
Microsoft Visual Studio Solution File, Format Version 12.00
# Visual Studio Version 17
VisualStudioVersion = 17.2.32630.192
MinimumVisualStudioVersion = 10.0.40219.1
Project("{FAE04EC0-301F-11D3-BF4B-00C04F79EFBC}") = "API", "API\API.csproj", "{52233B7E-1FAB-49DA-9DAE-1D640AE96882}"
EndProject
Project("{FAE04EC0-301F-11D3-BF4B-00C04F79EFBC}") = "Core", "Core\Core.csproj", "{36EE4233-0327-44BD-A63B-80415E1828E9}"
EndProject
Project("{FAE04EC0-301F-11D3-BF4B-00C04F79EFBC}") = "Infrastracture", "Infrastracture\Infrastracture.csproj", "{9217899E-1944-4D01-B9BE-B19590EB4A32}"
EndProject
Global
	GlobalSection(SolutionConfigurationPlatforms) = preSolution
		Debug|Any CPU = Debug|Any CPU
		Release|Any CPU = Release|Any CPU
	EndGlobalSection
	GlobalSection(ProjectConfigurationPlatforms) = postSolution
		{52233B7E-1FAB-49DA-9DAE-1D640AE96882}.Debug|Any CPU.ActiveCfg = Debug|Any CPU
		{52233B7E-1FAB-49DA-9DAE-1D640AE96882}.Debug|Any CPU.Build.0 = Debug|Any CPU
		{52233B7E-1FAB-49DA-9DAE-1D640AE96882}.Release|Any CPU.ActiveCfg = Release|Any CPU
		{52233B7E-1FAB-49DA-9DAE-1D640AE96882}.Release|Any CPU.Build.0 = Release|Any CPU
		{36EE4233-0327-44BD-A63B-80415E1828E9}.Debug|Any CPU.ActiveCfg = Debug|Any CPU
		{36EE4233-0327-44BD-A63B-80415E1828E9}.Debug|Any CPU.Build.0 = Debug|Any CPU
		{36EE4233-0327-44BD-A63B-80415E1828E9}.Release|Any CPU.ActiveCfg = Release|Any CPU
		{36EE4233-0327-44BD-A63B-80415E1828E9}.Release|Any CPU.Build.0 = Release|Any CPU
		{9217899E-1944-4D01-B9BE-B19590EB4A32}.Debug|Any CPU.ActiveCfg = Debug|Any CPU
		{9217899E-1944-4D01-B9BE-B19590EB4A32}.Debug|Any CPU.Build.0 = Debug|Any CPU
		{9217899E-1944-4D01-B9BE-B19590EB4A32}.Release|Any CPU.ActiveCfg = Release|Any CPU
		{9217899E-1944-4D01-B9BE-B19590EB4A32}.Release|Any CPU.Build.0 = Release|Any CPU
	EndGlobalSection
	GlobalSection(SolutionProperties) = preSolution
		HideSolutionNode = FALSE
	EndGlobalSection
	GlobalSection(ExtensibilityGlobals) = postSolution
		SolutionGuid = {C9863B59-491D-4D04-AC74-8B007519A2AC}
	EndGlobalSection
EndGlobal
